
Microsoft Visual Studio Solution File, Format Version 12.00
# Visual Studio Version 16
VisualStudioVersion = 16.0.31410.357
MinimumVisualStudioVersion = 10.0.40219.1
Project("{9A19103F-16F7-4668-BE54-9A1E7A4F7556}") = "DeepInsideFlamingo", "DeepInsideFlamingo\DeepInsideFlamingo.csproj", "{E349AC4D-BB96-46C9-973C-E94465CBB513}"
EndProject
Project("{9A19103F-16F7-4668-BE54-9A1E7A4F7556}") = "SimpleFlamingo", "SimpleFlamingo\SimpleFlamingo.csproj", "{BF9AB0C6-93CB-4B1C-A860-F20E40BED86E}"
EndProject
Project("{9A19103F-16F7-4668-BE54-9A1E7A4F7556}") = "FillFormFlamingo", "FillFormFlamingo\FillFormFlamingo.csproj", "{21DAB81C-2180-4C5F-A3E1-AB3E6708EF91}"
EndProject
Project("{FAE04EC0-301F-11D3-BF4B-00C04F79EFBC}") = "FunFlamingo", "FunFlamingo\FunFlamingo.csproj", "{E1899263-7D78-4765-99B2-3B643AC13B06}"
EndProject
Global
	GlobalSection(SolutionConfigurationPlatforms) = preSolution
		Debug|Any CPU = Debug|Any CPU
		Release|Any CPU = Release|Any CPU
	EndGlobalSection
	GlobalSection(ProjectConfigurationPlatforms) = postSolution
		{E349AC4D-BB96-46C9-973C-E94465CBB513}.Debug|Any CPU.ActiveCfg = Debug|Any CPU
		{E349AC4D-BB96-46C9-973C-E94465CBB513}.Debug|Any CPU.Build.0 = Debug|Any CPU
		{E349AC4D-BB96-46C9-973C-E94465CBB513}.Release|Any CPU.ActiveCfg = Release|Any CPU
		{E349AC4D-BB96-46C9-973C-E94465CBB513}.Release|Any CPU.Build.0 = Release|Any CPU
		{BF9AB0C6-93CB-4B1C-A860-F20E40BED86E}.Debug|Any CPU.ActiveCfg = Debug|Any CPU
		{BF9AB0C6-93CB-4B1C-A860-F20E40BED86E}.Debug|Any CPU.Build.0 = Debug|Any CPU
		{BF9AB0C6-93CB-4B1C-A860-F20E40BED86E}.Release|Any CPU.ActiveCfg = Release|Any CPU
		{BF9AB0C6-93CB-4B1C-A860-F20E40BED86E}.Release|Any CPU.Build.0 = Release|Any CPU
		{21DAB81C-2180-4C5F-A3E1-AB3E6708EF91}.Debug|Any CPU.ActiveCfg = Debug|Any CPU
		{21DAB81C-2180-4C5F-A3E1-AB3E6708EF91}.Debug|Any CPU.Build.0 = Debug|Any CPU
		{21DAB81C-2180-4C5F-A3E1-AB3E6708EF91}.Release|Any CPU.ActiveCfg = Release|Any CPU
		{21DAB81C-2180-4C5F-A3E1-AB3E6708EF91}.Release|Any CPU.Build.0 = Release|Any CPU
		{E1899263-7D78-4765-99B2-3B643AC13B06}.Debug|Any CPU.ActiveCfg = Debug|Any CPU
		{E1899263-7D78-4765-99B2-3B643AC13B06}.Debug|Any CPU.Build.0 = Debug|Any CPU
		{E1899263-7D78-4765-99B2-3B643AC13B06}.Release|Any CPU.ActiveCfg = Release|Any CPU
		{E1899263-7D78-4765-99B2-3B643AC13B06}.Release|Any CPU.Build.0 = Release|Any CPU
	EndGlobalSection
	GlobalSection(SolutionProperties) = preSolution
		HideSolutionNode = FALSE
	EndGlobalSection
	GlobalSection(ExtensibilityGlobals) = postSolution
		SolutionGuid = {72CC4ACC-69AA-446B-A9B4-FBB6AEFBE2C9}
	EndGlobalSection
EndGlobal
